
Microsoft Visual Studio Solution File, Format Version 12.00
# Visual Studio 14
VisualStudioVersion = 14.0.25123.0
MinimumVisualStudioVersion = 10.0.40219.1
Project("{FAE04EC0-301F-11D3-BF4B-00C04F79EFBC}") = "wpfApplication", "wpfApplication\wpfApplication.csproj", "{DCAE2AB2-69BF-4792-A1F7-9B2CC3DB682F}"
EndProject
Global
	GlobalSection(SolutionConfigurationPlatforms) = preSolution
		Debug|Any CPU = Debug|Any CPU
		Release|Any CPU = Release|Any CPU
	EndGlobalSection
	GlobalSection(ProjectConfigurationPlatforms) = postSolution
		{DCAE2AB2-69BF-4792-A1F7-9B2CC3DB682F}.Debug|Any CPU.ActiveCfg = Debug|Any CPU
		{DCAE2AB2-69BF-4792-A1F7-9B2CC3DB682F}.Debug|Any CPU.Build.0 = Debug|Any CPU
		{DCAE2AB2-69BF-4792-A1F7-9B2CC3DB682F}.Release|Any CPU.ActiveCfg = Release|Any CPU
		{DCAE2AB2-69BF-4792-A1F7-9B2CC3DB682F}.Release|Any CPU.Build.0 = Release|Any CPU
	EndGlobalSection
	GlobalSection(SolutionProperties) = preSolution
		HideSolutionNode = FALSE
	EndGlobalSection
EndGlobal
